
Microsoft Visual Studio Solution File, Format Version 12.00
# Visual Studio Version 16
VisualStudioVersion = 16.0.30907.101
MinimumVisualStudioVersion = 10.0.40219.1
Project("{FAE04EC0-301F-11D3-BF4B-00C04F79EFBC}") = "Clasa Stars", "Clasa Stars.csproj", "{DECC05C2-FC3F-496B-857A-5FF57387214C}"
EndProject
Global
	GlobalSection(SolutionConfigurationPlatforms) = preSolution
		Debug|Any CPU = Debug|Any CPU
		Release|Any CPU = Release|Any CPU
	EndGlobalSection
	GlobalSection(ProjectConfigurationPlatforms) = postSolution
		{DECC05C2-FC3F-496B-857A-5FF57387214C}.Debug|Any CPU.ActiveCfg = Debug|Any CPU
		{DECC05C2-FC3F-496B-857A-5FF57387214C}.Debug|Any CPU.Build.0 = Debug|Any CPU
		{DECC05C2-FC3F-496B-857A-5FF57387214C}.Release|Any CPU.ActiveCfg = Release|Any CPU
		{DECC05C2-FC3F-496B-857A-5FF57387214C}.Release|Any CPU.Build.0 = Release|Any CPU
	EndGlobalSection
	GlobalSection(SolutionProperties) = preSolution
		HideSolutionNode = FALSE
	EndGlobalSection
	GlobalSection(ExtensibilityGlobals) = postSolution
		SolutionGuid = {5A8D9E19-B90F-439F-9D2E-E5FDC0880AA6}
	EndGlobalSection
EndGlobal
